// !$*UTF8*$!
{
	archiveVersion = 1;
	classes = {
	};
	objectVersion = 46;
	objects = {

/* Begin PBXBuildFile section */
		8760594E1B16B7D1003BBE34 /* AppDelegate.swift in Sources */ = {isa = PBXBuildFile; fileRef = 8760594D1B16B7D1003BBE34 /* AppDelegate.swift */; };
		876059501B16B7D1003BBE34 /* ViewController.swift in Sources */ = {isa = PBXBuildFile; fileRef = 8760594F1B16B7D1003BBE34 /* ViewController.swift */; };
		876059531B16B7D1003BBE34 /* Main.storyboard in Resources */ = {isa = PBXBuildFile; fileRef = 876059511B16B7D1003BBE34 /* Main.storyboard */; };
		876059551B16B7D1003BBE34 /* Images.xcassets in Resources */ = {isa = PBXBuildFile; fileRef = 876059541B16B7D1003BBE34 /* Images.xcassets */; };
		876059581B16B7D1003BBE34 /* LaunchScreen.xib in Resources */ = {isa = PBXBuildFile; fileRef = 876059561B16B7D1003BBE34 /* LaunchScreen.xib */; };
		876059641B16B7D1003BBE34 /* catYearsTests.swift in Sources */ = {isa = PBXBuildFile; fileRef = 876059631B16B7D1003BBE34 /* catYearsTests.swift */; };
		876059711B16BA92003BBE34 /* cat.png in Resources */ = {isa = PBXBuildFile; fileRef = 876059701B16BA92003BBE34 /* cat.png */; };
/* End PBXBuildFile section */

/* Begin PBXContainerItemProxy section */
		8760595E1B16B7D1003BBE34 /* PBXContainerItemProxy */ = {
			isa = PBXContainerItemProxy;
			containerPortal = 876059401B16B7D0003BBE34 /* Project object */;
			proxyType = 1;
			remoteGlobalIDString = 876059471B16B7D1003BBE34;
			remoteInfo = catYears;
		};
/* End PBXContainerItemProxy section */

/* Begin PBXFileReference section */
		876059481B16B7D1003BBE34 /* catYears.app */ = {isa = PBXFileReference; explicitFileType = wrapper.application; includeInIndex = 0; path = catYears.app; sourceTree = BUILT_PRODUCTS_DIR; };
		8760594C1B16B7D1003BBE34 /* Info.plist */ = {isa = PBXFileReference; lastKnownFileType = text.plist.xml; path = Info.plist; sourceTree = "<group>"; };
		8760594D1B16B7D1003BBE34 /* AppDelegate.swift */ = {isa = PBXFileReference; lastKnownFileType = sourcecode.swift; path = AppDelegate.swift; sourceTree = "<group>"; };
		8760594F1B16B7D1003BBE34 /* ViewController.swift */ = {isa = PBXFileReference; lastKnownFileType = sourcecode.swift; path = ViewController.swift; sourceTree = "<group>"; };
		876059521B16B7D1003BBE34 /* Base */ = {isa = PBXFileReference; lastKnownFileType = file.storyboard; name = Base; path = Base.lproj/Main.storyboard; sourceTree = "<group>"; };
		876059541B16B7D1003BBE34 /* Images.xcassets */ = {isa = PBXFileReference; lastKnownFileType = folder.assetcatalog; path = Images.xcassets; sourceTree = "<group>"; };
		876059571B16B7D1003BBE34 /* Base */ = {isa = PBXFileReference; lastKnownFileType = file.xib; name = Base; path = Base.lproj/LaunchScreen.xib; sourceTree = "<group>"; };
		8760595D1B16B7D1003BBE34 /* catYearsTests.xctest */ = {isa = PBXFileReference; explicitFileType = wrapper.cfbundle; includeInIndex = 0; path = catYearsTests.xctest; sourceTree = BUILT_PRODUCTS_DIR; };
		876059621B16B7D1003BBE34 /* Info.plist */ = {isa = PBXFileReference; lastKnownFileType = text.plist.xml; path = Info.plist; sourceTree = "<group>"; };
		876059631B16B7D1003BBE34 /* catYearsTests.swift */ = {isa = PBXFileReference; lastKnownFileType = sourcecode.swift; path = catYearsTests.swift; sourceTree = "<group>"; };
		876059701B16BA92003BBE34 /* cat.png */ = {isa = PBXFileReference; lastKnownFileType = image.png; path = cat.png; sourceTree = "<group>"; };
/* End PBXFileReference section */

/* Begin PBXFrameworksBuildPhase section */
		876059451B16B7D1003BBE34 /* Frameworks */ = {
			isa = PBXFrameworksBuildPhase;
			buildActionMask = 2147483647;
			files = (
			);
			runOnlyForDeploymentPostprocessing = 0;
		};
		8760595A1B16B7D1003BBE34 /* Frameworks */ = {
			isa = PBXFrameworksBuildPhase;
			buildActionMask = 2147483647;
			files = (
			);
			runOnlyForDeploymentPostprocessing = 0;
		};
/* End PBXFrameworksBuildPhase section */

/* Begin PBXGroup section */
		8760593F1B16B7D0003BBE34 = {
			isa = PBXGroup;
			children = (
				8760594A1B16B7D1003BBE34 /* catYears */,
				876059601B16B7D1003BBE34 /* catYearsTests */,
				876059491B16B7D1003BBE34 /* Products */,
			);
			sourceTree = "<group>";
		};
		876059491B16B7D1003BBE34 /* Products */ = {
			isa = PBXGroup;
			children = (
				876059481B16B7D1003BBE34 /* catYears.app */,
				8760595D1B16B7D1003BBE34 /* catYearsTests.xctest */,
			);
			name = Products;
			sourceTree = "<group>";
		};
		8760594A1B16B7D1003BBE34 /* catYears */ = {
			isa = PBXGroup;
			children = (
				8760594D1B16B7D1003BBE34 /* AppDelegate.swift */,
				8760594F1B16B7D1003BBE34 /* ViewController.swift */,
				876059511B16B7D1003BBE34 /* Main.storyboard */,
				876059701B16BA92003BBE34 /* cat.png */,
				876059541B16B7D1003BBE34 /* Images.xcassets */,
				876059561B16B7D1003BBE34 /* LaunchScreen.xib */,
				8760594B1B16B7D1003BBE34 /* Supporting Files */,
			);
			path = catYears;
			sourceTree = "<group>";
		};
		8760594B1B16B7D1003BBE34 /* Supporting Files */ = {
			isa = PBXGroup;
			children = (
				8760594C1B16B7D1003BBE34 /* Info.plist */,
			);
			name = "Supporting Files";
			sourceTree = "<group>";
		};
		876059601B16B7D1003BBE34 /* catYearsTests */ = {
			isa = PBXGroup;
			children = (
				876059631B16B7D1003BBE34 /* catYearsTests.swift */,
				876059611B16B7D1003BBE34 /* Supporting Files */,
			);
			path = catYearsTests;
			sourceTree = "<group>";
		};
		876059611B16B7D1003BBE34 /* Supporting Files */ = {
			isa = PBXGroup;
			children = (
				876059621B16B7D1003BBE34 /* Info.plist */,
			);
			name = "Supporting Files";
			sourceTree = "<group>";
		};
/* End PBXGroup section */

/* Begin PBXNativeTarget section */
		876059471B16B7D1003BBE34 /* catYears */ = {
			isa = PBXNativeTarget;
			buildConfigurationList = 876059671B16B7D1003BBE34 /* Build configuration list for PBXNativeTarget "catYears" */;
			buildPhases = (
				876059441B16B7D1003BBE34 /* Sources */,
				876059451B16B7D1003BBE34 /* Frameworks */,
				876059461B16B7D1003BBE34 /* Resources */,
			);
			buildRules = (
			);
			dependencies = (
			);
			name = catYears;
			productName = catYears;
			productReference = 876059481B16B7D1003BBE34 /* catYears.app */;
			productType = "com.apple.product-type.application";
		};
		8760595C1B16B7D1003BBE34 /* catYearsTests */ = {
			isa = PBXNativeTarget;
			buildConfigurationList = 8760596A1B16B7D1003BBE34 /* Build configuration list for PBXNativeTarget "catYearsTests" */;
			buildPhases = (
				876059591B16B7D1003BBE34 /* Sources */,
				8760595A1B16B7D1003BBE34 /* Frameworks */,
				8760595B1B16B7D1003BBE34 /* Resources */,
			);
			buildRules = (
			);
			dependencies = (
				8760595F1B16B7D1003BBE34 /* PBXTargetDependency */,
			);
			name = catYearsTests;
			productName = catYearsTests;
			productReference = 8760595D1B16B7D1003BBE34 /* catYearsTests.xctest */;
			productType = "com.apple.product-type.bundle.unit-test";
		};
/* End PBXNativeTarget section */

/* Begin PBXProject section */
		876059401B16B7D0003BBE34 /* Project object */ = {
			isa = PBXProject;
			attributes = {
				LastUpgradeCheck = 0630;
				ORGANIZATIONNAME = "Melody Sue";
				TargetAttributes = {
					876059471B16B7D1003BBE34 = {
						CreatedOnToolsVersion = 6.3.2;
					};
					8760595C1B16B7D1003BBE34 = {
						CreatedOnToolsVersion = 6.3.2;
						TestTargetID = 876059471B16B7D1003BBE34;
					};
				};
			};
			buildConfigurationList = 876059431B16B7D0003BBE34 /* Build configuration list for PBXProject "catYears" */;
			compatibilityVersion = "Xcode 3.2";
			developmentRegion = English;
			hasScannedForEncodings = 0;
			knownRegions = (
				en,
				Base,
			);
			mainGroup = 8760593F1B16B7D0003BBE34;
			productRefGroup = 876059491B16B7D1003BBE34 /* Products */;
			projectDirPath = "";
			projectRoot = "";
			targets = (
				876059471B16B7D1003BBE34 /* catYears */,
				8760595C1B16B7D1003BBE34 /* catYearsTests */,
			);
		};
/* End PBXProject section */

/* Begin PBXResourcesBuildPhase section */
		876059461B16B7D1003BBE34 /* Resources */ = {
			isa = PBXResourcesBuildPhase;
			buildActionMask = 2147483647;
			files = (
				876059531B16B7D1003BBE34 /* Main.storyboard in Resources */,
				876059581B16B7D1003BBE34 /* LaunchScreen.xib in Resources */,
				876059711B16BA92003BBE34 /* cat.png in Resources */,
				876059551B16B7D1003BBE34 /* Images.xcassets in Resources */,
			);
			runOnlyForDeploymentPostprocessing = 0;
		};
		8760595B1B16B7D1003BBE34 /* Resources */ = {
			isa = PBXResourcesBuildPhase;
			buildActionMask = 2147483647;
			files = (
			);
			runOnlyForDeploymentPostprocessing = 0;
		};
/* End PBXResourcesBuildPhase section */

/* Begin PBXSourcesBuildPhase section */
		876059441B16B7D1003BBE34 /* Sources */ = {
			isa = PBXSourcesBuildPhase;
			buildActionMask = 2147483647;
			files = (
				876059501B16B7D1003BBE34 /* ViewController.swift in Sources */,
				8760594E1B16B7D1003BBE34 /* AppDelegate.swift in Sources */,
			);
			runOnlyForDeploymentPostprocessing = 0;
		};
		876059591B16B7D1003BBE34 /* Sources */ = {
			isa = PBXSourcesBuildPhase;
			buildActionMask = 2147483647;
			files = (
				876059641B16B7D1003BBE34 /* catYearsTests.swift in Sources */,
			);
			runOnlyForDeploymentPostprocessing = 0;
		};
/* End PBXSourcesBuildPhase section */

/* Begin PBXTargetDependency section */
		8760595F1B16B7D1003BBE34 /* PBXTargetDependency */ = {
			isa = PBXTargetDependency;
			target = 876059471B16B7D1003BBE34 /* catYears */;
			targetProxy = 8760595E1B16B7D1003BBE34 /* PBXContainerItemProxy */;
		};
/* End PBXTargetDependency section */

/* Begin PBXVariantGroup section */
		876059511B16B7D1003BBE34 /* Main.storyboard */ = {
			isa = PBXVariantGroup;
			children = (
				876059521B16B7D1003BBE34 /* Base */,
			);
			name = Main.storyboard;
			sourceTree = "<group>";
		};
		876059561B16B7D1003BBE34 /* LaunchScreen.xib */ = {
			isa = PBXVariantGroup;
			children = (
				876059571B16B7D1003BBE34 /* Base */,
			);
			name = LaunchScreen.xib;
			sourceTree = "<group>";
		};
/* End PBXVariantGroup section */

/* Begin XCBuildConfiguration section */
		876059651B16B7D1003BBE34 /* Debug */ = {
			isa = XCBuildConfiguration;
			buildSettings = {
				ALWAYS_SEARCH_USER_PATHS = NO;
				CLANG_CXX_LANGUAGE_STANDARD = "gnu++0x";
				CLANG_CXX_LIBRARY = "libc++";
				CLANG_ENABLE_MODULES = YES;
				CLANG_ENABLE_OBJC_ARC = YES;
				CLANG_WARN_BOOL_CONVERSION = YES;
				CLANG_WARN_CONSTANT_CONVERSION = YES;
				CLANG_WARN_DIRECT_OBJC_ISA_USAGE = YES_ERROR;
				CLANG_WARN_EMPTY_BODY = YES;
				CLANG_WARN_ENUM_CONVERSION = YES;
				CLANG_WARN_INT_CONVERSION = YES;
				CLANG_WARN_OBJC_ROOT_CLASS = YES_ERROR;
				CLANG_WARN_UNREACHABLE_CODE = YES;
				CLANG_WARN__DUPLICATE_METHOD_MATCH = YES;
				"CODE_SIGN_IDENTITY[sdk=iphoneos*]" = "iPhone Developer";
				COPY_PHASE_STRIP = NO;
				DEBUG_INFORMATION_FORMAT = "dwarf-with-dsym";
				ENABLE_STRICT_OBJC_MSGSEND = YES;
				GCC_C_LANGUAGE_STANDARD = gnu99;
				GCC_DYNAMIC_NO_PIC = NO;
				GCC_NO_COMMON_BLOCKS = YES;
				GCC_OPTIMIZATION_LEVEL = 0;
				GCC_PREPROCESSOR_DEFINITIONS = (
					"DEBUG=1",
					"$(inherited)",
				);
				GCC_SYMBOLS_PRIVATE_EXTERN = NO;
				GCC_WARN_64_TO_32_BIT_CONVERSION = YES;
				GCC_WARN_ABOUT_RETURN_TYPE = YES_ERROR;
				GCC_WARN_UNDECLARED_SELECTOR = YES;
				GCC_WARN_UNINITIALIZED_AUTOS = YES_AGGRESSIVE;
				GCC_WARN_UNUSED_FUNCTION = YES;
				GCC_WARN_UNUSED_VARIABLE = YES;
				IPHONEOS_DEPLOYMENT_TARGET = 8.3;
				MTL_ENABLE_DEBUG_INFO = YES;
				ONLY_ACTIVE_ARCH = YES;
				SDKROOT = iphoneos;
				SWIFT_OPTIMIZATION_LEVEL = "-Onone";
			};
			name = Debug;
		};
		876059661B16B7D1003BBE34 /* Release */ = {
			isa = XCBuildConfiguration;
			buildSettings = {
				ALWAYS_SEARCH_USER_PATHS = NO;
				CLANG_CXX_LANGUAGE_STANDARD = "gnu++0x";
				CLANG_CXX_LIBRARY = "libc++";
				CLANG_ENABLE_MODULES = YES;
				CLANG_ENABLE_OBJC_ARC = YES;
				CLANG_WARN_BOOL_CONVERSION = YES;
				CLANG_WARN_CONSTANT_CONVERSION = YES;
				CLANG_WARN_DIRECT_OBJC_ISA_USAGE = YES_ERROR;
				CLANG_WARN_EMPTY_BODY = YES;
				CLANG_WARN_ENUM_CONVERSION = YES;
				CLANG_WARN_INT_CONVERSION = YES;
				CLANG_WARN_OBJC_ROOT_CLASS = YES_ERROR;
				CLANG_WARN_UNREACHABLE_CODE = YES;
				CLANG_WARN__DUPLICATE_METHOD_MATCH = YES;
				"CODE_SIGN_IDENTITY[sdk=iphoneos*]" = "iPhone Developer";
				COPY_PHASE_STRIP = NO;
				DEBUG_INFORMATION_FORMAT = "dwarf-with-dsym";
				ENABLE_NS_ASSERTIONS = NO;
				ENABLE_STRICT_OBJC_MSGSEND = YES;
				GCC_C_LANGUAGE_STANDARD = gnu99;
				GCC_NO_COMMON_BLOCKS = YES;
				GCC_WARN_64_TO_32_BIT_CONVERSION = YES;
				GCC_WARN_ABOUT_RETURN_TYPE = YES_ERROR;
				GCC_WARN_UNDECLARED_SELECTOR = YES;
				GCC_WARN_UNINITIALIZED_AUTOS = YES_AGGRESSIVE;
				GCC_WARN_UNUSED_FUNCTION = YES;
				GCC_WARN_UNUSED_VARIABLE = YES;
				IPHONEOS_DEPLOYMENT_TARGET = 8.3;
				MTL_ENABLE_DEBUG_INFO = NO;
				SDKROOT = iphoneos;
				VALIDATE_PRODUCT = YES;
			};
			name = Release;
		};
		876059681B16B7D1003BBE34 /* Debug */ = {
			isa = XCBuildConfiguration;
			buildSettings = {
				ASSETCATALOG_COMPILER_APPICON_NAME = AppIcon;
				INFOPLIST_FILE = catYears/Info.plist;
				LD_RUNPATH_SEARCH_PATHS = "$(inherited) @executable_path/Frameworks";
				PRODUCT_NAME = "$(TARGET_NAME)";
			};
			name = Debug;
		};
		876059691B16B7D1003BBE34 /* Release */ = {
			isa = XCBuildConfiguration;
			buildSettings = {
				ASSETCATALOG_COMPILER_APPICON_NAME = AppIcon;
				INFOPLIST_FILE = catYears/Info.plist;
				LD_RUNPATH_SEARCH_PATHS = "$(inherited) @executable_path/Frameworks";
				PRODUCT_NAME = "$(TARGET_NAME)";
			};
			name = Release;
		};
		8760596B1B16B7D1003BBE34 /* Debug */ = {
			isa = XCBuildConfiguration;
			buildSettings = {
				BUNDLE_LOADER = "$(TEST_HOST)";
				FRAMEWORK_SEARCH_PATHS = (
					"$(SDKROOT)/Developer/Library/Frameworks",
					"$(inherited)",
				);
				GCC_PREPROCESSOR_DEFINITIONS = (
					"DEBUG=1",
					"$(inherited)",
				);
				INFOPLIST_FILE = catYearsTests/Info.plist;
				LD_RUNPATH_SEARCH_PATHS = "$(inherited) @executable_path/Frameworks @loader_path/Frameworks";
				PRODUCT_NAME = "$(TARGET_NAME)";
				TEST_HOST = "$(BUILT_PRODUCTS_DIR)/catYears.app/catYears";
			};
			name = Debug;
		};
		8760596C1B16B7D1003BBE34 /* Release */ = {
			isa = XCBuildConfiguration;
			buildSettings = {
				BUNDLE_LOADER = "$(TEST_HOST)";
				FRAMEWORK_SEARCH_PATHS = (
					"$(SDKROOT)/Developer/Library/Frameworks",
					"$(inherited)",
				);
				INFOPLIST_FILE = catYearsTests/Info.plist;
				LD_RUNPATH_SEARCH_PATHS = "$(inherited) @executable_path/Frameworks @loader_path/Frameworks";
				PRODUCT_NAME = "$(TARGET_NAME)";
				TEST_HOST = "$(BUILT_PRODUCTS_DIR)/catYears.app/catYears";
			};
			name = Release;
		};
/* End XCBuildConfiguration section */

/* Begin XCConfigurationList section */
		876059431B16B7D0003BBE34 /* Build configuration list for PBXProject "catYears" */ = {
			isa = XCConfigurationList;
			buildConfigurations = (
				876059651B16B7D1003BBE34 /* Debug */,
				876059661B16B7D1003BBE34 /* Release */,
			);
			defaultConfigurationIsVisible = 0;
			defaultConfigurationName = Release;
		};
		876059671B16B7D1003BBE34 /* Build configuration list for PBXNativeTarget "catYears" */ = {
			isa = XCConfigurationList;
			buildConfigurations = (
				876059681B16B7D1003BBE34 /* Debug */,
				876059691B16B7D1003BBE34 /* Release */,
			);
			defaultConfigurationIsVisible = 0;
		};
		8760596A1B16B7D1003BBE34 /* Build configuration list for PBXNativeTarget "catYearsTests" */ = {
			isa = XCConfigurationList;
			buildConfigurations = (
				8760596B1B16B7D1003BBE34 /* Debug */,
				8760596C1B16B7D1003BBE34 /* Release */,
			);
			defaultConfigurationIsVisible = 0;
		};
/* End XCConfigurationList section */
	};
	rootObject = 876059401B16B7D0003BBE34 /* Project object */;
}
